
Microsoft Visual Studio Solution File, Format Version 12.00
# Visual Studio Version 16
VisualStudioVersion = 16.0.31605.320
MinimumVisualStudioVersion = 10.0.40219.1
Project("{FAE04EC0-301F-11D3-BF4B-00C04F79EFBC}") = "stopwatch", "stopwatch\stopwatch.csproj", "{FFAC128A-3A98-4F3F-B12D-84C09F8C741D}"
EndProject
Global
	GlobalSection(SolutionConfigurationPlatforms) = preSolution
		Debug|Any CPU = Debug|Any CPU
		Release|Any CPU = Release|Any CPU
	EndGlobalSection
	GlobalSection(ProjectConfigurationPlatforms) = postSolution
		{FFAC128A-3A98-4F3F-B12D-84C09F8C741D}.Debug|Any CPU.ActiveCfg = Debug|Any CPU
		{FFAC128A-3A98-4F3F-B12D-84C09F8C741D}.Debug|Any CPU.Build.0 = Debug|Any CPU
		{FFAC128A-3A98-4F3F-B12D-84C09F8C741D}.Release|Any CPU.ActiveCfg = Release|Any CPU
		{FFAC128A-3A98-4F3F-B12D-84C09F8C741D}.Release|Any CPU.Build.0 = Release|Any CPU
	EndGlobalSection
	GlobalSection(SolutionProperties) = preSolution
		HideSolutionNode = FALSE
	EndGlobalSection
	GlobalSection(ExtensibilityGlobals) = postSolution
		SolutionGuid = {294B8D8B-FE29-4191-8BA2-8DC69512C634}
	EndGlobalSection
EndGlobal
